
Microsoft Visual Studio Solution File, Format Version 12.00
# Visual Studio Version 17
VisualStudioVersion = 17.2.32616.157
MinimumVisualStudioVersion = 10.0.40219.1
Project("{FAE04EC0-301F-11D3-BF4B-00C04F79EFBC}") = "csci2910_lab3", "csci2910_lab3\csci2910_lab3.csproj", "{D5A34370-EC46-4EA4-800B-04DB3FEF92D6}"
EndProject
Global
	GlobalSection(SolutionConfigurationPlatforms) = preSolution
		Debug|Any CPU = Debug|Any CPU
		Release|Any CPU = Release|Any CPU
	EndGlobalSection
	GlobalSection(ProjectConfigurationPlatforms) = postSolution
		{D5A34370-EC46-4EA4-800B-04DB3FEF92D6}.Debug|Any CPU.ActiveCfg = Debug|Any CPU
		{D5A34370-EC46-4EA4-800B-04DB3FEF92D6}.Debug|Any CPU.Build.0 = Debug|Any CPU
		{D5A34370-EC46-4EA4-800B-04DB3FEF92D6}.Release|Any CPU.ActiveCfg = Release|Any CPU
		{D5A34370-EC46-4EA4-800B-04DB3FEF92D6}.Release|Any CPU.Build.0 = Release|Any CPU
	EndGlobalSection
	GlobalSection(SolutionProperties) = preSolution
		HideSolutionNode = FALSE
	EndGlobalSection
	GlobalSection(ExtensibilityGlobals) = postSolution
		SolutionGuid = {ECA82980-1E3D-4D3D-A4CB-8B77E533FA83}
	EndGlobalSection
EndGlobal
